
Microsoft Visual Studio Solution File, Format Version 12.00
# Visual Studio Version 17
VisualStudioVersion = 17.10.35013.160
MinimumVisualStudioVersion = 10.0.40219.1
Project("{9A19103F-16F7-4668-BE54-9A1E7A4F7556}") = "EfCoreMigrations", "EfCoreMigrations\EfCoreMigrations.csproj", "{3D31162F-B042-44F2-AB1C-F3486D3F4C26}"
EndProject
Project("{E53339B2-1760-4266-BCC7-CA923CBCF16C}") = "docker-compose", "docker-compose.dcproj", "{AA1224D1-1CE3-43CD-A46E-59DE66DBC565}"
EndProject
Global
	GlobalSection(SolutionConfigurationPlatforms) = preSolution
		Debug|Any CPU = Debug|Any CPU
		Release|Any CPU = Release|Any CPU
	EndGlobalSection
	GlobalSection(ProjectConfigurationPlatforms) = postSolution
		{3D31162F-B042-44F2-AB1C-F3486D3F4C26}.Debug|Any CPU.ActiveCfg = Debug|Any CPU
		{3D31162F-B042-44F2-AB1C-F3486D3F4C26}.Debug|Any CPU.Build.0 = Debug|Any CPU
		{3D31162F-B042-44F2-AB1C-F3486D3F4C26}.Release|Any CPU.ActiveCfg = Release|Any CPU
		{3D31162F-B042-44F2-AB1C-F3486D3F4C26}.Release|Any CPU.Build.0 = Release|Any CPU
		{AA1224D1-1CE3-43CD-A46E-59DE66DBC565}.Debug|Any CPU.ActiveCfg = Debug|Any CPU
		{AA1224D1-1CE3-43CD-A46E-59DE66DBC565}.Debug|Any CPU.Build.0 = Debug|Any CPU
		{AA1224D1-1CE3-43CD-A46E-59DE66DBC565}.Release|Any CPU.ActiveCfg = Release|Any CPU
		{AA1224D1-1CE3-43CD-A46E-59DE66DBC565}.Release|Any CPU.Build.0 = Release|Any CPU
	EndGlobalSection
	GlobalSection(SolutionProperties) = preSolution
		HideSolutionNode = FALSE
	EndGlobalSection
	GlobalSection(ExtensibilityGlobals) = postSolution
		SolutionGuid = {4DFA6D88-A50A-458A-944F-7CD518D16677}
	EndGlobalSection
EndGlobal
